{
  "version": 4,
  "terraform_version": "1.4.6",
  "serial": 7,
  "lineage": "28dafdbc-131e-35d3-586a-d72718b2ca87",
  "outputs": {},
  "resources": [
    {
      "mode": "managed",
      "type": "github_repository",
      "name": "first-terraform-repo",
      "provider": "provider[\"registry.terraform.io/hashicorp/github\"]",
      "instances": [
        {
          "schema_version": 1,
          "attributes": {
            "allow_auto_merge": false,
            "allow_merge_commit": true,
            "allow_rebase_merge": true,
            "allow_squash_merge": true,
            "allow_update_branch": false,
            "archive_on_destroy": null,
            "archived": false,
            "auto_init": true,
            "default_branch": "main",
            "delete_branch_on_merge": false,
            "description": "Repo created by terraform coding",
            "etag": "W/\"e1d75c21e0f6bbe77f7f1bc79aa9e66dc4d8a979337db1ccd9b4233eb24b96bb\"",
            "full_name": "rasmita-dash/RepoByTerraformIAC",
            "git_clone_url": "git://github.com/rasmita-dash/RepoByTerraformIAC.git",
            "gitignore_template": null,
            "has_discussions": false,
            "has_downloads": false,
            "has_issues": false,
            "has_projects": false,
            "has_wiki": false,
            "homepage_url": "",
            "html_url": "https://github.com/rasmita-dash/RepoByTerraformIAC",
            "http_clone_url": "https://github.com/rasmita-dash/RepoByTerraformIAC.git",
            "id": "RepoByTerraformIAC",
            "ignore_vulnerability_alerts_during_read": null,
            "is_template": false,
            "license_template": null,
            "merge_commit_message": "PR_TITLE",
            "merge_commit_title": "MERGE_MESSAGE",
            "name": "RepoByTerraformIAC",
            "node_id": "R_kgDOJpXZ3Q",
            "pages": [],
            "private": false,
            "repo_id": 647354845,
            "security_and_analysis": [
              {
                "advanced_security": [],
                "secret_scanning": [
                  {
                    "status": "disabled"
                  }
                ],
                "secret_scanning_push_protection": [
                  {
                    "status": "disabled"
                  }
                ]
              }
            ],
            "squash_merge_commit_message": "COMMIT_MESSAGES",
            "squash_merge_commit_title": "COMMIT_OR_PR_TITLE",
            "ssh_clone_url": "git@github.com:rasmita-dash/RepoByTerraformIAC.git",
            "svn_url": "https://github.com/rasmita-dash/RepoByTerraformIAC",
            "template": [],
            "topics": null,
            "visibility": "public",
            "vulnerability_alerts": false
          },
          "sensitive_attributes": [],
          "private": "eyJzY2hlbWFfdmVyc2lvbiI6IjEifQ=="
        }
      ]
    }
  ],
  "check_results": null
}
